
Microsoft Visual Studio Solution File, Format Version 12.00
# Visual Studio 15
VisualStudioVersion = 15.0.26730.8
MinimumVisualStudioVersion = 10.0.40219.1
Project("{FAE04EC0-301F-11D3-BF4B-00C04F79EFBC}") = "Bot", "Bot\Bot.csproj", "{BBFCAC46-F7A8-414B-B4D0-7BEB5CBC9395}"
EndProject
Project("{FAE04EC0-301F-11D3-BF4B-00C04F79EFBC}") = "Example", "Example\Example.csproj", "{1D1874BF-2662-4A2F-B8D8-A200A67FEE0C}"
EndProject
Project("{FAE04EC0-301F-11D3-BF4B-00C04F79EFBC}") = "User", "User\User.csproj", "{0E71C604-75EB-4F96-A125-BA60BC70A743}"
EndProject
Global
	GlobalSection(SolutionConfigurationPlatforms) = preSolution
		Debug|Any CPU = Debug|Any CPU
		Release|Any CPU = Release|Any CPU
	EndGlobalSection
	GlobalSection(ProjectConfigurationPlatforms) = postSolution
		{BBFCAC46-F7A8-414B-B4D0-7BEB5CBC9395}.Debug|Any CPU.ActiveCfg = Debug|Any CPU
		{BBFCAC46-F7A8-414B-B4D0-7BEB5CBC9395}.Debug|Any CPU.Build.0 = Debug|Any CPU
		{BBFCAC46-F7A8-414B-B4D0-7BEB5CBC9395}.Release|Any CPU.ActiveCfg = Release|Any CPU
		{BBFCAC46-F7A8-414B-B4D0-7BEB5CBC9395}.Release|Any CPU.Build.0 = Release|Any CPU
		{1D1874BF-2662-4A2F-B8D8-A200A67FEE0C}.Debug|Any CPU.ActiveCfg = Debug|Any CPU
		{1D1874BF-2662-4A2F-B8D8-A200A67FEE0C}.Debug|Any CPU.Build.0 = Debug|Any CPU
		{1D1874BF-2662-4A2F-B8D8-A200A67FEE0C}.Release|Any CPU.ActiveCfg = Release|Any CPU
		{1D1874BF-2662-4A2F-B8D8-A200A67FEE0C}.Release|Any CPU.Build.0 = Release|Any CPU
		{0E71C604-75EB-4F96-A125-BA60BC70A743}.Debug|Any CPU.ActiveCfg = Debug|Any CPU
		{0E71C604-75EB-4F96-A125-BA60BC70A743}.Debug|Any CPU.Build.0 = Debug|Any CPU
		{0E71C604-75EB-4F96-A125-BA60BC70A743}.Release|Any CPU.ActiveCfg = Release|Any CPU
		{0E71C604-75EB-4F96-A125-BA60BC70A743}.Release|Any CPU.Build.0 = Release|Any CPU
	EndGlobalSection
	GlobalSection(SolutionProperties) = preSolution
		HideSolutionNode = FALSE
	EndGlobalSection
	GlobalSection(ExtensibilityGlobals) = postSolution
		SolutionGuid = {5AEA116B-C5F5-407A-B7C4-00BEF2F5A8D4}
	EndGlobalSection
EndGlobal
